// !$*UTF8*$!
{
	archiveVersion = 1;
	classes = {
	};
	objectVersion = 50;
	objects = {

/* Begin PBXBuildFile section */
		838E5725265BE34300764C72 /* AppDelegate.swift in Sources */ = {isa = PBXBuildFile; fileRef = 838E5724265BE34300764C72 /* AppDelegate.swift */; };
		838E5727265BE34300764C72 /* SceneDelegate.swift in Sources */ = {isa = PBXBuildFile; fileRef = 838E5726265BE34300764C72 /* SceneDelegate.swift */; };
		838E5729265BE34300764C72 /* ViewController.swift in Sources */ = {isa = PBXBuildFile; fileRef = 838E5728265BE34300764C72 /* ViewController.swift */; };
		838E572C265BE34300764C72 /* Main.storyboard in Resources */ = {isa = PBXBuildFile; fileRef = 838E572A265BE34300764C72 /* Main.storyboard */; };
		838E572E265BE34600764C72 /* Assets.xcassets in Resources */ = {isa = PBXBuildFile; fileRef = 838E572D265BE34600764C72 /* Assets.xcassets */; };
		838E5731265BE34600764C72 /* LaunchScreen.storyboard in Resources */ = {isa = PBXBuildFile; fileRef = 838E572F265BE34600764C72 /* LaunchScreen.storyboard */; };
		838E573C265BE34600764C72 /* WorkoutTrackerTests.swift in Sources */ = {isa = PBXBuildFile; fileRef = 838E573B265BE34600764C72 /* WorkoutTrackerTests.swift */; };
		838E5747265BE34600764C72 /* WorkoutTrackerUITests.swift in Sources */ = {isa = PBXBuildFile; fileRef = 838E5746265BE34600764C72 /* WorkoutTrackerUITests.swift */; };
/* End PBXBuildFile section */

/* Begin PBXContainerItemProxy section */
		838E5738265BE34600764C72 /* PBXContainerItemProxy */ = {
			isa = PBXContainerItemProxy;
			containerPortal = 838E5719265BE34300764C72 /* Project object */;
			proxyType = 1;
			remoteGlobalIDString = 838E5720265BE34300764C72;
			remoteInfo = WorkoutTracker;
		};
		838E5743265BE34600764C72 /* PBXContainerItemProxy */ = {
			isa = PBXContainerItemProxy;
			containerPortal = 838E5719265BE34300764C72 /* Project object */;
			proxyType = 1;
			remoteGlobalIDString = 838E5720265BE34300764C72;
			remoteInfo = WorkoutTracker;
		};
/* End PBXContainerItemProxy section */

/* Begin PBXFileReference section */
		838E5721265BE34300764C72 /* WorkoutTracker.app */ = {isa = PBXFileReference; explicitFileType = wrapper.application; includeInIndex = 0; path = WorkoutTracker.app; sourceTree = BUILT_PRODUCTS_DIR; };
		838E5724265BE34300764C72 /* AppDelegate.swift */ = {isa = PBXFileReference; lastKnownFileType = sourcecode.swift; path = AppDelegate.swift; sourceTree = "<group>"; };
		838E5726265BE34300764C72 /* SceneDelegate.swift */ = {isa = PBXFileReference; lastKnownFileType = sourcecode.swift; path = SceneDelegate.swift; sourceTree = "<group>"; };
		838E5728265BE34300764C72 /* ViewController.swift */ = {isa = PBXFileReference; lastKnownFileType = sourcecode.swift; path = ViewController.swift; sourceTree = "<group>"; };
		838E572B265BE34300764C72 /* Base */ = {isa = PBXFileReference; lastKnownFileType = file.storyboard; name = Base; path = Base.lproj/Main.storyboard; sourceTree = "<group>"; };
		838E572D265BE34600764C72 /* Assets.xcassets */ = {isa = PBXFileReference; lastKnownFileType = folder.assetcatalog; path = Assets.xcassets; sourceTree = "<group>"; };
		838E5730265BE34600764C72 /* Base */ = {isa = PBXFileReference; lastKnownFileType = file.storyboard; name = Base; path = Base.lproj/LaunchScreen.storyboard; sourceTree = "<group>"; };
		838E5732265BE34600764C72 /* Info.plist */ = {isa = PBXFileReference; lastKnownFileType = text.plist.xml; path = Info.plist; sourceTree = "<group>"; };
		838E5737265BE34600764C72 /* WorkoutTrackerTests.xctest */ = {isa = PBXFileReference; explicitFileType = wrapper.cfbundle; includeInIndex = 0; path = WorkoutTrackerTests.xctest; sourceTree = BUILT_PRODUCTS_DIR; };
		838E573B265BE34600764C72 /* WorkoutTrackerTests.swift */ = {isa = PBXFileReference; lastKnownFileType = sourcecode.swift; path = WorkoutTrackerTests.swift; sourceTree = "<group>"; };
		838E573D265BE34600764C72 /* Info.plist */ = {isa = PBXFileReference; lastKnownFileType = text.plist.xml; path = Info.plist; sourceTree = "<group>"; };
		838E5742265BE34600764C72 /* WorkoutTrackerUITests.xctest */ = {isa = PBXFileReference; explicitFileType = wrapper.cfbundle; includeInIndex = 0; path = WorkoutTrackerUITests.xctest; sourceTree = BUILT_PRODUCTS_DIR; };
		838E5746265BE34600764C72 /* WorkoutTrackerUITests.swift */ = {isa = PBXFileReference; lastKnownFileType = sourcecode.swift; path = WorkoutTrackerUITests.swift; sourceTree = "<group>"; };
		838E5748265BE34600764C72 /* Info.plist */ = {isa = PBXFileReference; lastKnownFileType = text.plist.xml; path = Info.plist; sourceTree = "<group>"; };
/* End PBXFileReference section */

/* Begin PBXFrameworksBuildPhase section */
		838E571E265BE34300764C72 /* Frameworks */ = {
			isa = PBXFrameworksBuildPhase;
			buildActionMask = 2147483647;
			files = (
			);
			runOnlyForDeploymentPostprocessing = 0;
		};
		838E5734265BE34600764C72 /* Frameworks */ = {
			isa = PBXFrameworksBuildPhase;
			buildActionMask = 2147483647;
			files = (
			);
			runOnlyForDeploymentPostprocessing = 0;
		};
		838E573F265BE34600764C72 /* Frameworks */ = {
			isa = PBXFrameworksBuildPhase;
			buildActionMask = 2147483647;
			files = (
			);
			runOnlyForDeploymentPostprocessing = 0;
		};
/* End PBXFrameworksBuildPhase section */

/* Begin PBXGroup section */
		838E5718265BE34300764C72 = {
			isa = PBXGroup;
			children = (
				838E5723265BE34300764C72 /* WorkoutTracker */,
				838E573A265BE34600764C72 /* WorkoutTrackerTests */,
				838E5745265BE34600764C72 /* WorkoutTrackerUITests */,
				838E5722265BE34300764C72 /* Products */,
			);
			sourceTree = "<group>";
		};
		838E5722265BE34300764C72 /* Products */ = {
			isa = PBXGroup;
			children = (
				838E5721265BE34300764C72 /* WorkoutTracker.app */,
				838E5737265BE34600764C72 /* WorkoutTrackerTests.xctest */,
				838E5742265BE34600764C72 /* WorkoutTrackerUITests.xctest */,
			);
			name = Products;
			sourceTree = "<group>";
		};
		838E5723265BE34300764C72 /* WorkoutTracker */ = {
			isa = PBXGroup;
			children = (
				838E5724265BE34300764C72 /* AppDelegate.swift */,
				838E5726265BE34300764C72 /* SceneDelegate.swift */,
				838E5728265BE34300764C72 /* ViewController.swift */,
				838E572A265BE34300764C72 /* Main.storyboard */,
				838E572D265BE34600764C72 /* Assets.xcassets */,
				838E572F265BE34600764C72 /* LaunchScreen.storyboard */,
				838E5732265BE34600764C72 /* Info.plist */,
			);
			path = WorkoutTracker;
			sourceTree = "<group>";
		};
		838E573A265BE34600764C72 /* WorkoutTrackerTests */ = {
			isa = PBXGroup;
			children = (
				838E573B265BE34600764C72 /* WorkoutTrackerTests.swift */,
				838E573D265BE34600764C72 /* Info.plist */,
			);
			path = WorkoutTrackerTests;
			sourceTree = "<group>";
		};
		838E5745265BE34600764C72 /* WorkoutTrackerUITests */ = {
			isa = PBXGroup;
			children = (
				838E5746265BE34600764C72 /* WorkoutTrackerUITests.swift */,
				838E5748265BE34600764C72 /* Info.plist */,
			);
			path = WorkoutTrackerUITests;
			sourceTree = "<group>";
		};
/* End PBXGroup section */

/* Begin PBXNativeTarget section */
		838E5720265BE34300764C72 /* WorkoutTracker */ = {
			isa = PBXNativeTarget;
			buildConfigurationList = 838E574B265BE34600764C72 /* Build configuration list for PBXNativeTarget "WorkoutTracker" */;
			buildPhases = (
				838E571D265BE34300764C72 /* Sources */,
				838E571E265BE34300764C72 /* Frameworks */,
				838E571F265BE34300764C72 /* Resources */,
			);
			buildRules = (
			);
			dependencies = (
			);
			name = WorkoutTracker;
			productName = WorkoutTracker;
			productReference = 838E5721265BE34300764C72 /* WorkoutTracker.app */;
			productType = "com.apple.product-type.application";
		};
		838E5736265BE34600764C72 /* WorkoutTrackerTests */ = {
			isa = PBXNativeTarget;
			buildConfigurationList = 838E574E265BE34600764C72 /* Build configuration list for PBXNativeTarget "WorkoutTrackerTests" */;
			buildPhases = (
				838E5733265BE34600764C72 /* Sources */,
				838E5734265BE34600764C72 /* Frameworks */,
				838E5735265BE34600764C72 /* Resources */,
			);
			buildRules = (
			);
			dependencies = (
				838E5739265BE34600764C72 /* PBXTargetDependency */,
			);
			name = WorkoutTrackerTests;
			productName = WorkoutTrackerTests;
			productReference = 838E5737265BE34600764C72 /* WorkoutTrackerTests.xctest */;
			productType = "com.apple.product-type.bundle.unit-test";
		};
		838E5741265BE34600764C72 /* WorkoutTrackerUITests */ = {
			isa = PBXNativeTarget;
			buildConfigurationList = 838E5751265BE34600764C72 /* Build configuration list for PBXNativeTarget "WorkoutTrackerUITests" */;
			buildPhases = (
				838E573E265BE34600764C72 /* Sources */,
				838E573F265BE34600764C72 /* Frameworks */,
				838E5740265BE34600764C72 /* Resources */,
			);
			buildRules = (
			);
			dependencies = (
				838E5744265BE34600764C72 /* PBXTargetDependency */,
			);
			name = WorkoutTrackerUITests;
			productName = WorkoutTrackerUITests;
			productReference = 838E5742265BE34600764C72 /* WorkoutTrackerUITests.xctest */;
			productType = "com.apple.product-type.bundle.ui-testing";
		};
/* End PBXNativeTarget section */

/* Begin PBXProject section */
		838E5719265BE34300764C72 /* Project object */ = {
			isa = PBXProject;
			attributes = {
				LastSwiftUpdateCheck = 1240;
				LastUpgradeCheck = 1240;
				TargetAttributes = {
					838E5720265BE34300764C72 = {
						CreatedOnToolsVersion = 12.4;
					};
					838E5736265BE34600764C72 = {
						CreatedOnToolsVersion = 12.4;
						TestTargetID = 838E5720265BE34300764C72;
					};
					838E5741265BE34600764C72 = {
						CreatedOnToolsVersion = 12.4;
						TestTargetID = 838E5720265BE34300764C72;
					};
				};
			};
			buildConfigurationList = 838E571C265BE34300764C72 /* Build configuration list for PBXProject "WorkoutTracker" */;
			compatibilityVersion = "Xcode 9.3";
			developmentRegion = en;
			hasScannedForEncodings = 0;
			knownRegions = (
				en,
				Base,
			);
			mainGroup = 838E5718265BE34300764C72;
			productRefGroup = 838E5722265BE34300764C72 /* Products */;
			projectDirPath = "";
			projectRoot = "";
			targets = (
				838E5720265BE34300764C72 /* WorkoutTracker */,
				838E5736265BE34600764C72 /* WorkoutTrackerTests */,
				838E5741265BE34600764C72 /* WorkoutTrackerUITests */,
			);
		};
/* End PBXProject section */

/* Begin PBXResourcesBuildPhase section */
		838E571F265BE34300764C72 /* Resources */ = {
			isa = PBXResourcesBuildPhase;
			buildActionMask = 2147483647;
			files = (
				838E5731265BE34600764C72 /* LaunchScreen.storyboard in Resources */,
				838E572E265BE34600764C72 /* Assets.xcassets in Resources */,
				838E572C265BE34300764C72 /* Main.storyboard in Resources */,
			);
			runOnlyForDeploymentPostprocessing = 0;
		};
		838E5735265BE34600764C72 /* Resources */ = {
			isa = PBXResourcesBuildPhase;
			buildActionMask = 2147483647;
			files = (
			);
			runOnlyForDeploymentPostprocessing = 0;
		};
		838E5740265BE34600764C72 /* Resources */ = {
			isa = PBXResourcesBuildPhase;
			buildActionMask = 2147483647;
			files = (
			);
			runOnlyForDeploymentPostprocessing = 0;
		};
/* End PBXResourcesBuildPhase section */

/* Begin PBXSourcesBuildPhase section */
		838E571D265BE34300764C72 /* Sources */ = {
			isa = PBXSourcesBuildPhase;
			buildActionMask = 2147483647;
			files = (
				838E5729265BE34300764C72 /* ViewController.swift in Sources */,
				838E5725265BE34300764C72 /* AppDelegate.swift in Sources */,
				838E5727265BE34300764C72 /* SceneDelegate.swift in Sources */,
			);
			runOnlyForDeploymentPostprocessing = 0;
		};
		838E5733265BE34600764C72 /* Sources */ = {
			isa = PBXSourcesBuildPhase;
			buildActionMask = 2147483647;
			files = (
				838E573C265BE34600764C72 /* WorkoutTrackerTests.swift in Sources */,
			);
			runOnlyForDeploymentPostprocessing = 0;
		};
		838E573E265BE34600764C72 /* Sources */ = {
			isa = PBXSourcesBuildPhase;
			buildActionMask = 2147483647;
			files = (
				838E5747265BE34600764C72 /* WorkoutTrackerUITests.swift in Sources */,
			);
			runOnlyForDeploymentPostprocessing = 0;
		};
/* End PBXSourcesBuildPhase section */

/* Begin PBXTargetDependency section */
		838E5739265BE34600764C72 /* PBXTargetDependency */ = {
			isa = PBXTargetDependency;
			target = 838E5720265BE34300764C72 /* WorkoutTracker */;
			targetProxy = 838E5738265BE34600764C72 /* PBXContainerItemProxy */;
		};
		838E5744265BE34600764C72 /* PBXTargetDependency */ = {
			isa = PBXTargetDependency;
			target = 838E5720265BE34300764C72 /* WorkoutTracker */;
			targetProxy = 838E5743265BE34600764C72 /* PBXContainerItemProxy */;
		};
/* End PBXTargetDependency section */

/* Begin PBXVariantGroup section */
		838E572A265BE34300764C72 /* Main.storyboard */ = {
			isa = PBXVariantGroup;
			children = (
				838E572B265BE34300764C72 /* Base */,
			);
			name = Main.storyboard;
			sourceTree = "<group>";
		};
		838E572F265BE34600764C72 /* LaunchScreen.storyboard */ = {
			isa = PBXVariantGroup;
			children = (
				838E5730265BE34600764C72 /* Base */,
			);
			name = LaunchScreen.storyboard;
			sourceTree = "<group>";
		};
/* End PBXVariantGroup section */

/* Begin XCBuildConfiguration section */
		838E5749265BE34600764C72 /* Debug */ = {
			isa = XCBuildConfiguration;
			buildSettings = {
				ALWAYS_SEARCH_USER_PATHS = NO;
				CLANG_ANALYZER_NONNULL = YES;
				CLANG_ANALYZER_NUMBER_OBJECT_CONVERSION = YES_AGGRESSIVE;
				CLANG_CXX_LANGUAGE_STANDARD = "gnu++14";
				CLANG_CXX_LIBRARY = "libc++";
				CLANG_ENABLE_MODULES = YES;
				CLANG_ENABLE_OBJC_ARC = YES;
				CLANG_ENABLE_OBJC_WEAK = YES;
				CLANG_WARN_BLOCK_CAPTURE_AUTORELEASING = YES;
				CLANG_WARN_BOOL_CONVERSION = YES;
				CLANG_WARN_COMMA = YES;
				CLANG_WARN_CONSTANT_CONVERSION = YES;
				CLANG_WARN_DEPRECATED_OBJC_IMPLEMENTATIONS = YES;
				CLANG_WARN_DIRECT_OBJC_ISA_USAGE = YES_ERROR;
				CLANG_WARN_DOCUMENTATION_COMMENTS = YES;
				CLANG_WARN_EMPTY_BODY = YES;
				CLANG_WARN_ENUM_CONVERSION = YES;
				CLANG_WARN_INFINITE_RECURSION = YES;
				CLANG_WARN_INT_CONVERSION = YES;
				CLANG_WARN_NON_LITERAL_NULL_CONVERSION = YES;
				CLANG_WARN_OBJC_IMPLICIT_RETAIN_SELF = YES;
				CLANG_WARN_OBJC_LITERAL_CONVERSION = YES;
				CLANG_WARN_OBJC_ROOT_CLASS = YES_ERROR;
				CLANG_WARN_QUOTED_INCLUDE_IN_FRAMEWORK_HEADER = YES;
				CLANG_WARN_RANGE_LOOP_ANALYSIS = YES;
				CLANG_WARN_STRICT_PROTOTYPES = YES;
				CLANG_WARN_SUSPICIOUS_MOVE = YES;
				CLANG_WARN_UNGUARDED_AVAILABILITY = YES_AGGRESSIVE;
				CLANG_WARN_UNREACHABLE_CODE = YES;
				CLANG_WARN__DUPLICATE_METHOD_MATCH = YES;
				COPY_PHASE_STRIP = NO;
				DEBUG_INFORMATION_FORMAT = dwarf;
				ENABLE_STRICT_OBJC_MSGSEND = YES;
				ENABLE_TESTABILITY = YES;
				GCC_C_LANGUAGE_STANDARD = gnu11;
				GCC_DYNAMIC_NO_PIC = NO;
				GCC_NO_COMMON_BLOCKS = YES;
				GCC_OPTIMIZATION_LEVEL = 0;
				GCC_PREPROCESSOR_DEFINITIONS = (
					"DEBUG=1",
					"$(inherited)",
				);
				GCC_WARN_64_TO_32_BIT_CONVERSION = YES;
				GCC_WARN_ABOUT_RETURN_TYPE = YES_ERROR;
				GCC_WARN_UNDECLARED_SELECTOR = YES;
				GCC_WARN_UNINITIALIZED_AUTOS = YES_AGGRESSIVE;
				GCC_WARN_UNUSED_FUNCTION = YES;
				GCC_WARN_UNUSED_VARIABLE = YES;
				IPHONEOS_DEPLOYMENT_TARGET = 14.4;
				MTL_ENABLE_DEBUG_INFO = INCLUDE_SOURCE;
				MTL_FAST_MATH = YES;
				ONLY_ACTIVE_ARCH = YES;
				SDKROOT = iphoneos;
				SWIFT_ACTIVE_COMPILATION_CONDITIONS = DEBUG;
				SWIFT_OPTIMIZATION_LEVEL = "-Onone";
			};
			name = Debug;
		};
		838E574A265BE34600764C72 /* Release */ = {
			isa = XCBuildConfiguration;
			buildSettings = {
				ALWAYS_SEARCH_USER_PATHS = NO;
				CLANG_ANALYZER_NONNULL = YES;
				CLANG_ANALYZER_NUMBER_OBJECT_CONVERSION = YES_AGGRESSIVE;
				CLANG_CXX_LANGUAGE_STANDARD = "gnu++14";
				CLANG_CXX_LIBRARY = "libc++";
				CLANG_ENABLE_MODULES = YES;
				CLANG_ENABLE_OBJC_ARC = YES;
				CLANG_ENABLE_OBJC_WEAK = YES;
				CLANG_WARN_BLOCK_CAPTURE_AUTORELEASING = YES;
				CLANG_WARN_BOOL_CONVERSION = YES;
				CLANG_WARN_COMMA = YES;
				CLANG_WARN_CONSTANT_CONVERSION = YES;
				CLANG_WARN_DEPRECATED_OBJC_IMPLEMENTATIONS = YES;
				CLANG_WARN_DIRECT_OBJC_ISA_USAGE = YES_ERROR;
				CLANG_WARN_DOCUMENTATION_COMMENTS = YES;
				CLANG_WARN_EMPTY_BODY = YES;
				CLANG_WARN_ENUM_CONVERSION = YES;
				CLANG_WARN_INFINITE_RECURSION = YES;
				CLANG_WARN_INT_CONVERSION = YES;
				CLANG_WARN_NON_LITERAL_NULL_CONVERSION = YES;
				CLANG_WARN_OBJC_IMPLICIT_RETAIN_SELF = YES;
				CLANG_WARN_OBJC_LITERAL_CONVERSION = YES;
				CLANG_WARN_OBJC_ROOT_CLASS = YES_ERROR;
				CLANG_WARN_QUOTED_INCLUDE_IN_FRAMEWORK_HEADER = YES;
				CLANG_WARN_RANGE_LOOP_ANALYSIS = YES;
				CLANG_WARN_STRICT_PROTOTYPES = YES;
				CLANG_WARN_SUSPICIOUS_MOVE = YES;
				CLANG_WARN_UNGUARDED_AVAILABILITY = YES_AGGRESSIVE;
				CLANG_WARN_UNREACHABLE_CODE = YES;
				CLANG_WARN__DUPLICATE_METHOD_MATCH = YES;
				COPY_PHASE_STRIP = NO;
				DEBUG_INFORMATION_FORMAT = "dwarf-with-dsym";
				ENABLE_NS_ASSERTIONS = NO;
				ENABLE_STRICT_OBJC_MSGSEND = YES;
				GCC_C_LANGUAGE_STANDARD = gnu11;
				GCC_NO_COMMON_BLOCKS = YES;
				GCC_WARN_64_TO_32_BIT_CONVERSION = YES;
				GCC_WARN_ABOUT_RETURN_TYPE = YES_ERROR;
				GCC_WARN_UNDECLARED_SELECTOR = YES;
				GCC_WARN_UNINITIALIZED_AUTOS = YES_AGGRESSIVE;
				GCC_WARN_UNUSED_FUNCTION = YES;
				GCC_WARN_UNUSED_VARIABLE = YES;
				IPHONEOS_DEPLOYMENT_TARGET = 14.4;
				MTL_ENABLE_DEBUG_INFO = NO;
				MTL_FAST_MATH = YES;
				SDKROOT = iphoneos;
				SWIFT_COMPILATION_MODE = wholemodule;
				SWIFT_OPTIMIZATION_LEVEL = "-O";
				VALIDATE_PRODUCT = YES;
			};
			name = Release;
		};
		838E574C265BE34600764C72 /* Debug */ = {
			isa = XCBuildConfiguration;
			buildSettings = {
				ASSETCATALOG_COMPILER_APPICON_NAME = AppIcon;
				ASSETCATALOG_COMPILER_GLOBAL_ACCENT_COLOR_NAME = AccentColor;
				CODE_SIGN_STYLE = Automatic;
				INFOPLIST_FILE = WorkoutTracker/Info.plist;
				LD_RUNPATH_SEARCH_PATHS = (
					"$(inherited)",
					"@executable_path/Frameworks",
				);
				PRODUCT_BUNDLE_IDENTIFIER = ChrisAllen.WorkoutTracker;
				PRODUCT_NAME = "$(TARGET_NAME)";
				SWIFT_VERSION = 5.0;
				TARGETED_DEVICE_FAMILY = "1,2";
			};
			name = Debug;
		};
		838E574D265BE34600764C72 /* Release */ = {
			isa = XCBuildConfiguration;
			buildSettings = {
				ASSETCATALOG_COMPILER_APPICON_NAME = AppIcon;
				ASSETCATALOG_COMPILER_GLOBAL_ACCENT_COLOR_NAME = AccentColor;
				CODE_SIGN_STYLE = Automatic;
				INFOPLIST_FILE = WorkoutTracker/Info.plist;
				LD_RUNPATH_SEARCH_PATHS = (
					"$(inherited)",
					"@executable_path/Frameworks",
				);
				PRODUCT_BUNDLE_IDENTIFIER = ChrisAllen.WorkoutTracker;
				PRODUCT_NAME = "$(TARGET_NAME)";
				SWIFT_VERSION = 5.0;
				TARGETED_DEVICE_FAMILY = "1,2";
			};
			name = Release;
		};
		838E574F265BE34600764C72 /* Debug */ = {
			isa = XCBuildConfiguration;
			buildSettings = {
				ALWAYS_EMBED_SWIFT_STANDARD_LIBRARIES = YES;
				BUNDLE_LOADER = "$(TEST_HOST)";
				CODE_SIGN_STYLE = Automatic;
				INFOPLIST_FILE = WorkoutTrackerTests/Info.plist;
				IPHONEOS_DEPLOYMENT_TARGET = 14.4;
				LD_RUNPATH_SEARCH_PATHS = (
					"$(inherited)",
					"@executable_path/Frameworks",
					"@loader_path/Frameworks",
				);
				PRODUCT_BUNDLE_IDENTIFIER = ChrisAllen.WorkoutTrackerTests;
				PRODUCT_NAME = "$(TARGET_NAME)";
				SWIFT_VERSION = 5.0;
				TARGETED_DEVICE_FAMILY = "1,2";
				TEST_HOST = "$(BUILT_PRODUCTS_DIR)/WorkoutTracker.app/WorkoutTracker";
			};
			name = Debug;
		};
		838E5750265BE34600764C72 /* Release */ = {
			isa = XCBuildConfiguration;
			buildSettings = {
				ALWAYS_EMBED_SWIFT_STANDARD_LIBRARIES = YES;
				BUNDLE_LOADER = "$(TEST_HOST)";
				CODE_SIGN_STYLE = Automatic;
				INFOPLIST_FILE = WorkoutTrackerTests/Info.plist;
				IPHONEOS_DEPLOYMENT_TARGET = 14.4;
				LD_RUNPATH_SEARCH_PATHS = (
					"$(inherited)",
					"@executable_path/Frameworks",
					"@loader_path/Frameworks",
				);
				PRODUCT_BUNDLE_IDENTIFIER = ChrisAllen.WorkoutTrackerTests;
				PRODUCT_NAME = "$(TARGET_NAME)";
				SWIFT_VERSION = 5.0;
				TARGETED_DEVICE_FAMILY = "1,2";
				TEST_HOST = "$(BUILT_PRODUCTS_DIR)/WorkoutTracker.app/WorkoutTracker";
			};
			name = Release;
		};
		838E5752265BE34600764C72 /* Debug */ = {
			isa = XCBuildConfiguration;
			buildSettings = {
				ALWAYS_EMBED_SWIFT_STANDARD_LIBRARIES = YES;
				CODE_SIGN_STYLE = Automatic;
				INFOPLIST_FILE = WorkoutTrackerUITests/Info.plist;
				LD_RUNPATH_SEARCH_PATHS = (
					"$(inherited)",
					"@executable_path/Frameworks",
					"@loader_path/Frameworks",
				);
				PRODUCT_BUNDLE_IDENTIFIER = ChrisAllen.WorkoutTrackerUITests;
				PRODUCT_NAME = "$(TARGET_NAME)";
				SWIFT_VERSION = 5.0;
				TARGETED_DEVICE_FAMILY = "1,2";
				TEST_TARGET_NAME = WorkoutTracker;
			};
			name = Debug;
		};
		838E5753265BE34600764C72 /* Release */ = {
			isa = XCBuildConfiguration;
			buildSettings = {
				ALWAYS_EMBED_SWIFT_STANDARD_LIBRARIES = YES;
				CODE_SIGN_STYLE = Automatic;
				INFOPLIST_FILE = WorkoutTrackerUITests/Info.plist;
				LD_RUNPATH_SEARCH_PATHS = (
					"$(inherited)",
					"@executable_path/Frameworks",
					"@loader_path/Frameworks",
				);
				PRODUCT_BUNDLE_IDENTIFIER = ChrisAllen.WorkoutTrackerUITests;
				PRODUCT_NAME = "$(TARGET_NAME)";
				SWIFT_VERSION = 5.0;
				TARGETED_DEVICE_FAMILY = "1,2";
				TEST_TARGET_NAME = WorkoutTracker;
			};
			name = Release;
		};
/* End XCBuildConfiguration section */

/* Begin XCConfigurationList section */
		838E571C265BE34300764C72 /* Build configuration list for PBXProject "WorkoutTracker" */ = {
			isa = XCConfigurationList;
			buildConfigurations = (
				838E5749265BE34600764C72 /* Debug */,
				838E574A265BE34600764C72 /* Release */,
			);
			defaultConfigurationIsVisible = 0;
			defaultConfigurationName = Release;
		};
		838E574B265BE34600764C72 /* Build configuration list for PBXNativeTarget "WorkoutTracker" */ = {
			isa = XCConfigurationList;
			buildConfigurations = (
				838E574C265BE34600764C72 /* Debug */,
				838E574D265BE34600764C72 /* Release */,
			);
			defaultConfigurationIsVisible = 0;
			defaultConfigurationName = Release;
		};
		838E574E265BE34600764C72 /* Build configuration list for PBXNativeTarget "WorkoutTrackerTests" */ = {
			isa = XCConfigurationList;
			buildConfigurations = (
				838E574F265BE34600764C72 /* Debug */,
				838E5750265BE34600764C72 /* Release */,
			);
			defaultConfigurationIsVisible = 0;
			defaultConfigurationName = Release;
		};
		838E5751265BE34600764C72 /* Build configuration list for PBXNativeTarget "WorkoutTrackerUITests" */ = {
			isa = XCConfigurationList;
			buildConfigurations = (
				838E5752265BE34600764C72 /* Debug */,
				838E5753265BE34600764C72 /* Release */,
			);
			defaultConfigurationIsVisible = 0;
			defaultConfigurationName = Release;
		};
/* End XCConfigurationList section */
	};
	rootObject = 838E5719265BE34300764C72 /* Project object */;
}
